
Microsoft Visual Studio Solution File, Format Version 12.00
# Visual Studio 15
VisualStudioVersion = 15.0.33529.398
MinimumVisualStudioVersion = 10.0.40219.1
Project("{8BC9CEB8-8B4A-11D0-8D11-00A0C91BC942}") = "ThreeD-recontrution", "ThreeD-recontrution\ThreeD-recontrution.vcxproj", "{71D34F82-055E-4CDA-B88E-4843C67E023A}"
EndProject
Global
	GlobalSection(SolutionConfigurationPlatforms) = preSolution
		Debug|x64 = Debug|x64
		Release|x64 = Release|x64
	EndGlobalSection
	GlobalSection(ProjectConfigurationPlatforms) = postSolution
		{71D34F82-055E-4CDA-B88E-4843C67E023A}.Debug|x64.ActiveCfg = Debug|x64
		{71D34F82-055E-4CDA-B88E-4843C67E023A}.Debug|x64.Build.0 = Debug|x64
		{71D34F82-055E-4CDA-B88E-4843C67E023A}.Release|x64.ActiveCfg = Release|x64
		{71D34F82-055E-4CDA-B88E-4843C67E023A}.Release|x64.Build.0 = Release|x64
	EndGlobalSection
	GlobalSection(SolutionProperties) = preSolution
		HideSolutionNode = FALSE
	EndGlobalSection
	GlobalSection(ExtensibilityGlobals) = postSolution
		SolutionGuid = {687A0FAB-3050-4EC6-9FB2-8F3E77BBF2BC}
	EndGlobalSection
EndGlobal
